
Microsoft Visual Studio Solution File, Format Version 11.00
# Visual Studio 2010
Project("{FAE04EC0-301F-11D3-BF4B-00C04F79EFBC}") = "Assembly-CSharp", "Assembly-CSharp.csproj", "{D78097F3-7A39-DD70-139C-98DF3A8837E9}"
EndProject
Project("{FAE04EC0-301F-11D3-BF4B-00C04F79EFBC}") = "ProceduralToolkit", "ProceduralToolkit.csproj", "{053FED83-ACF9-E3BF-C18A-682831D56616}"
EndProject
Project("{FAE04EC0-301F-11D3-BF4B-00C04F79EFBC}") = "ProceduralToolkit.LibTessDotNet", "ProceduralToolkit.LibTessDotNet.csproj", "{9F20377B-CFB1-9919-8024-01D7D48AB5DD}"
EndProject
Project("{FAE04EC0-301F-11D3-BF4B-00C04F79EFBC}") = "ProceduralToolkit.ClipperLib", "ProceduralToolkit.ClipperLib.csproj", "{CF34C6E3-2547-E844-9DB3-7D2B3357BC39}"
EndProject
Project("{FAE04EC0-301F-11D3-BF4B-00C04F79EFBC}") = "ProceduralToolkit.Editor", "ProceduralToolkit.Editor.csproj", "{74290EE7-7B42-13E3-3CBB-16FC503F18D9}"
EndProject
Project("{FAE04EC0-301F-11D3-BF4B-00C04F79EFBC}") = "Assembly-CSharp-Editor", "Assembly-CSharp-Editor.csproj", "{030CAD63-005F-3AB9-4287-D91926319CB1}"
EndProject
Global
	GlobalSection(SolutionConfigurationPlatforms) = preSolution
		Debug|Any CPU = Debug|Any CPU
		Release|Any CPU = Release|Any CPU
	EndGlobalSection
	GlobalSection(ProjectConfigurationPlatforms) = postSolution
		{D78097F3-7A39-DD70-139C-98DF3A8837E9}.Debug|Any CPU.ActiveCfg = Debug|Any CPU
		{D78097F3-7A39-DD70-139C-98DF3A8837E9}.Debug|Any CPU.Build.0 = Debug|Any CPU
		{D78097F3-7A39-DD70-139C-98DF3A8837E9}.Release|Any CPU.ActiveCfg = Release|Any CPU
		{D78097F3-7A39-DD70-139C-98DF3A8837E9}.Release|Any CPU.Build.0 = Release|Any CPU
		{053FED83-ACF9-E3BF-C18A-682831D56616}.Debug|Any CPU.ActiveCfg = Debug|Any CPU
		{053FED83-ACF9-E3BF-C18A-682831D56616}.Debug|Any CPU.Build.0 = Debug|Any CPU
		{053FED83-ACF9-E3BF-C18A-682831D56616}.Release|Any CPU.ActiveCfg = Release|Any CPU
		{053FED83-ACF9-E3BF-C18A-682831D56616}.Release|Any CPU.Build.0 = Release|Any CPU
		{9F20377B-CFB1-9919-8024-01D7D48AB5DD}.Debug|Any CPU.ActiveCfg = Debug|Any CPU
		{9F20377B-CFB1-9919-8024-01D7D48AB5DD}.Debug|Any CPU.Build.0 = Debug|Any CPU
		{9F20377B-CFB1-9919-8024-01D7D48AB5DD}.Release|Any CPU.ActiveCfg = Release|Any CPU
		{9F20377B-CFB1-9919-8024-01D7D48AB5DD}.Release|Any CPU.Build.0 = Release|Any CPU
		{CF34C6E3-2547-E844-9DB3-7D2B3357BC39}.Debug|Any CPU.ActiveCfg = Debug|Any CPU
		{CF34C6E3-2547-E844-9DB3-7D2B3357BC39}.Debug|Any CPU.Build.0 = Debug|Any CPU
		{CF34C6E3-2547-E844-9DB3-7D2B3357BC39}.Release|Any CPU.ActiveCfg = Release|Any CPU
		{CF34C6E3-2547-E844-9DB3-7D2B3357BC39}.Release|Any CPU.Build.0 = Release|Any CPU
		{74290EE7-7B42-13E3-3CBB-16FC503F18D9}.Debug|Any CPU.ActiveCfg = Debug|Any CPU
		{74290EE7-7B42-13E3-3CBB-16FC503F18D9}.Debug|Any CPU.Build.0 = Debug|Any CPU
		{74290EE7-7B42-13E3-3CBB-16FC503F18D9}.Release|Any CPU.ActiveCfg = Release|Any CPU
		{74290EE7-7B42-13E3-3CBB-16FC503F18D9}.Release|Any CPU.Build.0 = Release|Any CPU
		{030CAD63-005F-3AB9-4287-D91926319CB1}.Debug|Any CPU.ActiveCfg = Debug|Any CPU
		{030CAD63-005F-3AB9-4287-D91926319CB1}.Debug|Any CPU.Build.0 = Debug|Any CPU
		{030CAD63-005F-3AB9-4287-D91926319CB1}.Release|Any CPU.ActiveCfg = Release|Any CPU
		{030CAD63-005F-3AB9-4287-D91926319CB1}.Release|Any CPU.Build.0 = Release|Any CPU
	EndGlobalSection
	GlobalSection(SolutionProperties) = preSolution
		HideSolutionNode = FALSE
	EndGlobalSection
	GlobalSection(MonoDevelopProperties) = preSolution
		StartupItem = Assembly-CSharp.csproj
	EndGlobalSection
EndGlobal
